{
  "name": "vodvod-scraper",
  "version": "2.0.0",
  "lockfileVersion": 3,
  "requires": true,
  "packages": {
    "": {
      "name": "vodvod-scraper",
      "version": "2.0.0",
      "dependencies": {
        "cors": "^2.8.5",
        "express": "^4.22.1",
        "playwright": "^1.40.0"
      },
      "engines": {
        "node": ">=18.0.0"
      }
    },
    "../node_modules/.pnpm/cors@2.8.5/node_modules/cors": {
      "version": "2.8.5",
      "license": "MIT",
      "dependencies": {
        "object-assign": "^4",
        "vary": "^1"
      },
      "devDependencies": {
        "after": "0.8.2",
        "eslint": "2.13.1",
        "express": "4.16.3",
        "mocha": "5.2.0",
        "nyc": "13.1.0",
        "supertest": "3.3.0"
      },
      "engines": {
        "node": ">= 0.10"
      }
    },
    "../node_modules/.pnpm/express@4.22.1/node_modules/express": {
      "version": "4.22.1",
      "license": "MIT",
      "dependencies": {
        "accepts": "~1.3.8",
        "array-flatten": "1.1.1",
        "body-parser": "~1.20.3",
        "content-disposition": "~0.5.4",
        "content-type": "~1.0.4",
        "cookie": "~0.7.1",
        "cookie-signature": "~1.0.6",
        "debug": "2.6.9",
        "depd": "2.0.0",
        "encodeurl": "~2.0.0",
        "escape-html": "~1.0.3",
        "etag": "~1.8.1",
        "finalhandler": "~1.3.1",
        "fresh": "~0.5.2",
        "http-errors": "~2.0.0",
        "merge-descriptors": "1.0.3",
        "methods": "~1.1.2",
        "on-finished": "~2.4.1",
        "parseurl": "~1.3.3",
        "path-to-regexp": "~0.1.12",
        "proxy-addr": "~2.0.7",
        "qs": "~6.14.0",
        "range-parser": "~1.2.1",
        "safe-buffer": "5.2.1",
        "send": "~0.19.0",
        "serve-static": "~1.16.2",
        "setprototypeof": "1.2.0",
        "statuses": "~2.0.1",
        "type-is": "~1.6.18",
        "utils-merge": "1.0.1",
        "vary": "~1.1.2"
      },
      "devDependencies": {
        "after": "0.8.2",
        "connect-redis": "3.4.2",
        "cookie-parser": "1.4.6",
        "cookie-session": "2.0.0",
        "ejs": "3.1.9",
        "eslint": "8.47.0",
        "express-session": "1.17.2",
        "hbs": "4.2.0",
        "marked": "0.7.0",
        "method-override": "3.0.0",
        "mocha": "^6.2.2",
        "morgan": "1.10.0",
        "nyc": "^14.1.1",
        "pbkdf2-password": "1.2.1",
        "supertest": "^6.1.6",
        "vhost": "~3.0.2"
      },
      "engines": {
        "node": ">= 0.10.0"
      },
      "funding": {
        "type": "opencollective",
        "url": "https://opencollective.com/express"
      }
    },
    "../node_modules/.pnpm/puppeteer@24.31.0_typescript@5.9.3/node_modules/puppeteer": {
      "version": "24.31.0",
      "extraneous": true,
      "hasInstallScript": true,
      "license": "Apache-2.0",
      "dependencies": {
        "@puppeteer/browsers": "2.10.13",
        "chromium-bidi": "11.0.0",
        "cosmiconfig": "^9.0.0",
        "devtools-protocol": "0.0.1521046",
        "puppeteer-core": "24.31.0",
        "typed-query-selector": "^2.12.0"
      },
      "bin": {
        "puppeteer": "lib/cjs/puppeteer/node/cli.js"
      },
      "devDependencies": {
        "@types/node": "^18.17.15"
      },
      "engines": {
        "node": ">=18"
      }
    },
    "node_modules/cors": {
      "resolved": "../node_modules/.pnpm/cors@2.8.5/node_modules/cors",
      "link": true
    },
    "node_modules/express": {
      "resolved": "../node_modules/.pnpm/express@4.22.1/node_modules/express",
      "link": true
    },
    "node_modules/fsevents": {
      "version": "2.3.2",
      "resolved": "https://registry.npmjs.org/fsevents/-/fsevents-2.3.2.tgz",
      "integrity": "sha512-xiqMQR4xAeHTuB9uWm+fFRcIOgKBMiOBP+eXiyT7jsgVCq1bkVygt00oASowB7EdtpOHaaPgKt812P9ab+DDKA==",
      "hasInstallScript": true,
      "license": "MIT",
      "optional": true,
      "os": [
        "darwin"
      ],
      "engines": {
        "node": "^8.16.0 || ^10.6.0 || >=11.0.0"
      }
    },
    "node_modules/playwright": {
      "version": "1.57.0",
      "resolved": "https://registry.npmjs.org/playwright/-/playwright-1.57.0.tgz",
      "integrity": "sha512-ilYQj1s8sr2ppEJ2YVadYBN0Mb3mdo9J0wQ+UuDhzYqURwSoW4n1Xs5vs7ORwgDGmyEh33tRMeS8KhdkMoLXQw==",
      "license": "Apache-2.0",
      "dependencies": {
        "playwright-core": "1.57.0"
      },
      "bin": {
        "playwright": "cli.js"
      },
      "engines": {
        "node": ">=18"
      },
      "optionalDependencies": {
        "fsevents": "2.3.2"
      }
    },
    "node_modules/playwright-core": {
      "version": "1.57.0",
      "resolved": "https://registry.npmjs.org/playwright-core/-/playwright-core-1.57.0.tgz",
      "integrity": "sha512-agTcKlMw/mjBWOnD6kFZttAAGHgi/Nw0CZ2o6JqWSbMlI219lAFLZZCyqByTsvVAJq5XA5H8cA6PrvBRpBWEuQ==",
      "license": "Apache-2.0",
      "bin": {
        "playwright-core": "cli.js"
      },
      "engines": {
        "node": ">=18"
      }
    }
  }
}
